
Microsoft Visual Studio Solution File, Format Version 12.00
# Visual Studio Version 16
VisualStudioVersion = 16.0.30320.27
MinimumVisualStudioVersion = 10.0.40219.1
Project("{FAE04EC0-301F-11D3-BF4B-00C04F79EFBC}") = "MinesweeperGame", "MinesweeperGame\MinesweeperGame.csproj", "{EB506D01-B83E-44F4-BAA9-1B522924DAA6}"
EndProject
Global
	GlobalSection(SolutionConfigurationPlatforms) = preSolution
		Debug|Any CPU = Debug|Any CPU
		Release|Any CPU = Release|Any CPU
	EndGlobalSection
	GlobalSection(ProjectConfigurationPlatforms) = postSolution
		{EB506D01-B83E-44F4-BAA9-1B522924DAA6}.Debug|Any CPU.ActiveCfg = Debug|Any CPU
		{EB506D01-B83E-44F4-BAA9-1B522924DAA6}.Debug|Any CPU.Build.0 = Debug|Any CPU
		{EB506D01-B83E-44F4-BAA9-1B522924DAA6}.Release|Any CPU.ActiveCfg = Release|Any CPU
		{EB506D01-B83E-44F4-BAA9-1B522924DAA6}.Release|Any CPU.Build.0 = Release|Any CPU
	EndGlobalSection
	GlobalSection(SolutionProperties) = preSolution
		HideSolutionNode = FALSE
	EndGlobalSection
	GlobalSection(ExtensibilityGlobals) = postSolution
		SolutionGuid = {F3B13002-D118-4927-A2E1-19171CBFDDF6}
	EndGlobalSection
EndGlobal
